
Microsoft Visual Studio Solution File, Format Version 12.00
# Visual Studio Version 16
VisualStudioVersion = 16.0.30128.74
MinimumVisualStudioVersion = 10.0.40219.1
Project("{FAE04EC0-301F-11D3-BF4B-00C04F79EFBC}") = "MyAuth", "MyAuth\MyAuth.csproj", "{6E3F9E05-ED4D-4755-8FF7-04B5D2904AB7}"
EndProject
Global
	GlobalSection(SolutionConfigurationPlatforms) = preSolution
		Debug|Any CPU = Debug|Any CPU
		Release|Any CPU = Release|Any CPU
	EndGlobalSection
	GlobalSection(ProjectConfigurationPlatforms) = postSolution
		{6E3F9E05-ED4D-4755-8FF7-04B5D2904AB7}.Debug|Any CPU.ActiveCfg = Debug|Any CPU
		{6E3F9E05-ED4D-4755-8FF7-04B5D2904AB7}.Debug|Any CPU.Build.0 = Debug|Any CPU
		{6E3F9E05-ED4D-4755-8FF7-04B5D2904AB7}.Release|Any CPU.ActiveCfg = Release|Any CPU
		{6E3F9E05-ED4D-4755-8FF7-04B5D2904AB7}.Release|Any CPU.Build.0 = Release|Any CPU
	EndGlobalSection
	GlobalSection(SolutionProperties) = preSolution
		HideSolutionNode = FALSE
	EndGlobalSection
	GlobalSection(ExtensibilityGlobals) = postSolution
		SolutionGuid = {6069088B-2B6C-432A-809E-F7F78FDBC90C}
	EndGlobalSection
EndGlobal
